<?xml version="1.0" encoding="UTF-8" standalone="yes" ?>
<CodeBlocks_project_file>
	<FileVersion major="1" minor="6" />
	<Project>
		<Option title="fluid-simulator" />
		<Option pch_mode="2" />
		<Option compiler="gcc" />
		<Build>
			<Target title="Debug">
				<Option output="bin/Debug/fluid-simulator" prefix_auto="1" extension_auto="1" />
				<Option object_output="obj/Debug/" />
				<Option type="1" />
				<Option compiler="gcc" />
				<Compiler>
					<Add option="-g" />
				</Compiler>
			</Target>
			<Target title="Release">
				<Option output="bin/Release/fluid-simulator" prefix_auto="1" extension_auto="1" />
				<Option object_output="obj/Release/" />
				<Option type="1" />
				<Option compiler="gcc" />
				<Compiler>
					<Add option="-O2" />
				</Compiler>
				<Linker>
					<Add option="-s" />
				</Linker>
			</Target>
		</Build>
		<Compiler>
			<Add option="-Wall" />
			<Add option="-std=c11" />
			<Add option="-fexceptions" />
			<Add directory="/usr/local/include" />
			<Add directory="./glad/include" />
		</Compiler>
		<Linker>
			<Add option="-static-libstdc++" />
			<Add option="-lglfw3 -lX11" />
			<Add library="/usr/local/lib/libglfw3.a" />
		</Linker>
		<Unit filename="glad/include/KHR/khrplatform.h" />
		<Unit filename="glad/include/glad/glad.h" />
		<Unit filename="glad/src/glad.c">
			<Option compilerVar="CC" />
		</Unit>
		<Unit filename="header/teste.h" />
		<Unit filename="src/main.cpp" />
		<Extensions />
	</Project>
</CodeBlocks_project_file>
