<?xml version="1.0" encoding="UTF-8" standalone="yes" ?>
<CodeBlocks_project_file>
	<FileVersion major="1" minor="6" />
	<Project>
		<Option title="learn-modern-opengl" />
		<Option pch_mode="2" />
		<Option compiler="gcc" />
		<Option virtualFolders="project/src/" />
		<Build>
			<Target title="Debug">
				<Option output="bin/Debug/learn-modern-opengl" prefix_auto="1" extension_auto="1" />
				<Option object_output="obj/Debug/" />
				<Option type="1" />
				<Option compiler="gcc" />
				<Compiler>
					<Add option="-g" />
					<Add directory="project/include" />
					<Add directory="include" />
				</Compiler>
			</Target>
			<Target title="Release">
				<Option output="bin/Release/learn-modern-opengl" prefix_auto="1" extension_auto="1" />
				<Option object_output="obj/Release/" />
				<Option type="1" />
				<Option compiler="gcc" />
				<Compiler>
					<Add option="-O2" />
					<Add directory="project/include" />
					<Add directory="include" />
				</Compiler>
				<Linker>
					<Add option="-s" />
				</Linker>
			</Target>
		</Build>
		<Compiler>
			<Add option="-Wall" />
			<Add option="-std=c11" />
			<Add option="-fexceptions" />
			<Add directory="/usr/local/include" />
			<Add directory="./lib" />
			<Add directory="lib/glad/include" />
			<Add directory="lib/std_image" />
			<Add directory="lib/assimp-5.3.1" />
		</Compiler>
		<Linker>
			<Add option="-static-libstdc++" />
			<Add option="-lglfw3 -lassimp -lX11" />
			<Add library="/usr/local/lib/libglfw3.a" />
			<Add library="/usr/local/lib/libassimp.so" />
		</Linker>
		<Unit filename="lib/glad/include/KHR/khrplatform.h" />
		<Unit filename="lib/glad/include/glad/glad.h" />
		<Unit filename="lib/glad/src/glad.c">
			<Option compilerVar="CC" />
		</Unit>
		<Unit filename="lib/glm/common.hpp" />
		<Unit filename="lib/glm/detail/_features.hpp" />
		<Unit filename="lib/glm/detail/_fixes.hpp" />
		<Unit filename="lib/glm/detail/_noise.hpp" />
		<Unit filename="lib/glm/detail/_swizzle.hpp" />
		<Unit filename="lib/glm/detail/_swizzle_func.hpp" />
		<Unit filename="lib/glm/detail/_vectorize.hpp" />
		<Unit filename="lib/glm/detail/compute_common.hpp" />
		<Unit filename="lib/glm/detail/compute_vector_relational.hpp" />
		<Unit filename="lib/glm/detail/glm.cpp" />
		<Unit filename="lib/glm/detail/qualifier.hpp" />
		<Unit filename="lib/glm/detail/setup.hpp" />
		<Unit filename="lib/glm/detail/type_float.hpp" />
		<Unit filename="lib/glm/detail/type_half.hpp" />
		<Unit filename="lib/glm/detail/type_mat2x2.hpp" />
		<Unit filename="lib/glm/detail/type_mat2x3.hpp" />
		<Unit filename="lib/glm/detail/type_mat2x4.hpp" />
		<Unit filename="lib/glm/detail/type_mat3x2.hpp" />
		<Unit filename="lib/glm/detail/type_mat3x3.hpp" />
		<Unit filename="lib/glm/detail/type_mat3x4.hpp" />
		<Unit filename="lib/glm/detail/type_mat4x2.hpp" />
		<Unit filename="lib/glm/detail/type_mat4x3.hpp" />
		<Unit filename="lib/glm/detail/type_mat4x4.hpp" />
		<Unit filename="lib/glm/detail/type_quat.hpp" />
		<Unit filename="lib/glm/detail/type_vec1.hpp" />
		<Unit filename="lib/glm/detail/type_vec2.hpp" />
		<Unit filename="lib/glm/detail/type_vec3.hpp" />
		<Unit filename="lib/glm/detail/type_vec4.hpp" />
		<Unit filename="lib/glm/exponential.hpp" />
		<Unit filename="lib/glm/ext.hpp" />
		<Unit filename="lib/glm/ext/_matrix_vectorize.hpp" />
		<Unit filename="lib/glm/ext/matrix_clip_space.hpp" />
		<Unit filename="lib/glm/ext/matrix_common.hpp" />
		<Unit filename="lib/glm/ext/matrix_double2x2.hpp" />
		<Unit filename="lib/glm/ext/matrix_double2x2_precision.hpp" />
		<Unit filename="lib/glm/ext/matrix_double2x3.hpp" />
		<Unit filename="lib/glm/ext/matrix_double2x3_precision.hpp" />
		<Unit filename="lib/glm/ext/matrix_double2x4.hpp" />
		<Unit filename="lib/glm/ext/matrix_double2x4_precision.hpp" />
		<Unit filename="lib/glm/ext/matrix_double3x2.hpp" />
		<Unit filename="lib/glm/ext/matrix_double3x2_precision.hpp" />
		<Unit filename="lib/glm/ext/matrix_double3x3.hpp" />
		<Unit filename="lib/glm/ext/matrix_double3x3_precision.hpp" />
		<Unit filename="lib/glm/ext/matrix_double3x4.hpp" />
		<Unit filename="lib/glm/ext/matrix_double3x4_precision.hpp" />
		<Unit filename="lib/glm/ext/matrix_double4x2.hpp" />
		<Unit filename="lib/glm/ext/matrix_double4x2_precision.hpp" />
		<Unit filename="lib/glm/ext/matrix_double4x3.hpp" />
		<Unit filename="lib/glm/ext/matrix_double4x3_precision.hpp" />
		<Unit filename="lib/glm/ext/matrix_double4x4.hpp" />
		<Unit filename="lib/glm/ext/matrix_double4x4_precision.hpp" />
		<Unit filename="lib/glm/ext/matrix_float2x2.hpp" />
		<Unit filename="lib/glm/ext/matrix_float2x2_precision.hpp" />
		<Unit filename="lib/glm/ext/matrix_float2x3.hpp" />
		<Unit filename="lib/glm/ext/matrix_float2x3_precision.hpp" />
		<Unit filename="lib/glm/ext/matrix_float2x4.hpp" />
		<Unit filename="lib/glm/ext/matrix_float2x4_precision.hpp" />
		<Unit filename="lib/glm/ext/matrix_float3x2.hpp" />
		<Unit filename="lib/glm/ext/matrix_float3x2_precision.hpp" />
		<Unit filename="lib/glm/ext/matrix_float3x3.hpp" />
		<Unit filename="lib/glm/ext/matrix_float3x3_precision.hpp" />
		<Unit filename="lib/glm/ext/matrix_float3x4.hpp" />
		<Unit filename="lib/glm/ext/matrix_float3x4_precision.hpp" />
		<Unit filename="lib/glm/ext/matrix_float4x2.hpp" />
		<Unit filename="lib/glm/ext/matrix_float4x2_precision.hpp" />
		<Unit filename="lib/glm/ext/matrix_float4x3.hpp" />
		<Unit filename="lib/glm/ext/matrix_float4x3_precision.hpp" />
		<Unit filename="lib/glm/ext/matrix_float4x4.hpp" />
		<Unit filename="lib/glm/ext/matrix_float4x4_precision.hpp" />
		<Unit filename="lib/glm/ext/matrix_int2x2.hpp" />
		<Unit filename="lib/glm/ext/matrix_int2x2_sized.hpp" />
		<Unit filename="lib/glm/ext/matrix_int2x3.hpp" />
		<Unit filename="lib/glm/ext/matrix_int2x3_sized.hpp" />
		<Unit filename="lib/glm/ext/matrix_int2x4.hpp" />
		<Unit filename="lib/glm/ext/matrix_int2x4_sized.hpp" />
		<Unit filename="lib/glm/ext/matrix_int3x2.hpp" />
		<Unit filename="lib/glm/ext/matrix_int3x2_sized.hpp" />
		<Unit filename="lib/glm/ext/matrix_int3x3.hpp" />
		<Unit filename="lib/glm/ext/matrix_int3x3_sized.hpp" />
		<Unit filename="lib/glm/ext/matrix_int3x4.hpp" />
		<Unit filename="lib/glm/ext/matrix_int3x4_sized.hpp" />
		<Unit filename="lib/glm/ext/matrix_int4x2.hpp" />
		<Unit filename="lib/glm/ext/matrix_int4x2_sized.hpp" />
		<Unit filename="lib/glm/ext/matrix_int4x3.hpp" />
		<Unit filename="lib/glm/ext/matrix_int4x3_sized.hpp" />
		<Unit filename="lib/glm/ext/matrix_int4x4.hpp" />
		<Unit filename="lib/glm/ext/matrix_int4x4_sized.hpp" />
		<Unit filename="lib/glm/ext/matrix_integer.hpp" />
		<Unit filename="lib/glm/ext/matrix_projection.hpp" />
		<Unit filename="lib/glm/ext/matrix_relational.hpp" />
		<Unit filename="lib/glm/ext/matrix_transform.hpp" />
		<Unit filename="lib/glm/ext/matrix_uint2x2.hpp" />
		<Unit filename="lib/glm/ext/matrix_uint2x2_sized.hpp" />
		<Unit filename="lib/glm/ext/matrix_uint2x3.hpp" />
		<Unit filename="lib/glm/ext/matrix_uint2x3_sized.hpp" />
		<Unit filename="lib/glm/ext/matrix_uint2x4.hpp" />
		<Unit filename="lib/glm/ext/matrix_uint2x4_sized.hpp" />
		<Unit filename="lib/glm/ext/matrix_uint3x2.hpp" />
		<Unit filename="lib/glm/ext/matrix_uint3x2_sized.hpp" />
		<Unit filename="lib/glm/ext/matrix_uint3x3.hpp" />
		<Unit filename="lib/glm/ext/matrix_uint3x3_sized.hpp" />
		<Unit filename="lib/glm/ext/matrix_uint3x4.hpp" />
		<Unit filename="lib/glm/ext/matrix_uint3x4_sized.hpp" />
		<Unit filename="lib/glm/ext/matrix_uint4x2.hpp" />
		<Unit filename="lib/glm/ext/matrix_uint4x2_sized.hpp" />
		<Unit filename="lib/glm/ext/matrix_uint4x3.hpp" />
		<Unit filename="lib/glm/ext/matrix_uint4x3_sized.hpp" />
		<Unit filename="lib/glm/ext/matrix_uint4x4.hpp" />
		<Unit filename="lib/glm/ext/matrix_uint4x4_sized.hpp" />
		<Unit filename="lib/glm/ext/quaternion_common.hpp" />
		<Unit filename="lib/glm/ext/quaternion_double.hpp" />
		<Unit filename="lib/glm/ext/quaternion_double_precision.hpp" />
		<Unit filename="lib/glm/ext/quaternion_exponential.hpp" />
		<Unit filename="lib/glm/ext/quaternion_float.hpp" />
		<Unit filename="lib/glm/ext/quaternion_float_precision.hpp" />
		<Unit filename="lib/glm/ext/quaternion_geometric.hpp" />
		<Unit filename="lib/glm/ext/quaternion_relational.hpp" />
		<Unit filename="lib/glm/ext/quaternion_transform.hpp" />
		<Unit filename="lib/glm/ext/quaternion_trigonometric.hpp" />
		<Unit filename="lib/glm/ext/scalar_common.hpp" />
		<Unit filename="lib/glm/ext/scalar_constants.hpp" />
		<Unit filename="lib/glm/ext/scalar_int_sized.hpp" />
		<Unit filename="lib/glm/ext/scalar_integer.hpp" />
		<Unit filename="lib/glm/ext/scalar_packing.hpp" />
		<Unit filename="lib/glm/ext/scalar_reciprocal.hpp" />
		<Unit filename="lib/glm/ext/scalar_relational.hpp" />
		<Unit filename="lib/glm/ext/scalar_uint_sized.hpp" />
		<Unit filename="lib/glm/ext/scalar_ulp.hpp" />
		<Unit filename="lib/glm/ext/vector_bool1.hpp" />
		<Unit filename="lib/glm/ext/vector_bool1_precision.hpp" />
		<Unit filename="lib/glm/ext/vector_bool2.hpp" />
		<Unit filename="lib/glm/ext/vector_bool2_precision.hpp" />
		<Unit filename="lib/glm/ext/vector_bool3.hpp" />
		<Unit filename="lib/glm/ext/vector_bool3_precision.hpp" />
		<Unit filename="lib/glm/ext/vector_bool4.hpp" />
		<Unit filename="lib/glm/ext/vector_bool4_precision.hpp" />
		<Unit filename="lib/glm/ext/vector_common.hpp" />
		<Unit filename="lib/glm/ext/vector_double1.hpp" />
		<Unit filename="lib/glm/ext/vector_double1_precision.hpp" />
		<Unit filename="lib/glm/ext/vector_double2.hpp" />
		<Unit filename="lib/glm/ext/vector_double2_precision.hpp" />
		<Unit filename="lib/glm/ext/vector_double3.hpp" />
		<Unit filename="lib/glm/ext/vector_double3_precision.hpp" />
		<Unit filename="lib/glm/ext/vector_double4.hpp" />
		<Unit filename="lib/glm/ext/vector_double4_precision.hpp" />
		<Unit filename="lib/glm/ext/vector_float1.hpp" />
		<Unit filename="lib/glm/ext/vector_float1_precision.hpp" />
		<Unit filename="lib/glm/ext/vector_float2.hpp" />
		<Unit filename="lib/glm/ext/vector_float2_precision.hpp" />
		<Unit filename="lib/glm/ext/vector_float3.hpp" />
		<Unit filename="lib/glm/ext/vector_float3_precision.hpp" />
		<Unit filename="lib/glm/ext/vector_float4.hpp" />
		<Unit filename="lib/glm/ext/vector_float4_precision.hpp" />
		<Unit filename="lib/glm/ext/vector_int1.hpp" />
		<Unit filename="lib/glm/ext/vector_int1_sized.hpp" />
		<Unit filename="lib/glm/ext/vector_int2.hpp" />
		<Unit filename="lib/glm/ext/vector_int2_sized.hpp" />
		<Unit filename="lib/glm/ext/vector_int3.hpp" />
		<Unit filename="lib/glm/ext/vector_int3_sized.hpp" />
		<Unit filename="lib/glm/ext/vector_int4.hpp" />
		<Unit filename="lib/glm/ext/vector_int4_sized.hpp" />
		<Unit filename="lib/glm/ext/vector_integer.hpp" />
		<Unit filename="lib/glm/ext/vector_packing.hpp" />
		<Unit filename="lib/glm/ext/vector_reciprocal.hpp" />
		<Unit filename="lib/glm/ext/vector_relational.hpp" />
		<Unit filename="lib/glm/ext/vector_uint1.hpp" />
		<Unit filename="lib/glm/ext/vector_uint1_sized.hpp" />
		<Unit filename="lib/glm/ext/vector_uint2.hpp" />
		<Unit filename="lib/glm/ext/vector_uint2_sized.hpp" />
		<Unit filename="lib/glm/ext/vector_uint3.hpp" />
		<Unit filename="lib/glm/ext/vector_uint3_sized.hpp" />
		<Unit filename="lib/glm/ext/vector_uint4.hpp" />
		<Unit filename="lib/glm/ext/vector_uint4_sized.hpp" />
		<Unit filename="lib/glm/ext/vector_ulp.hpp" />
		<Unit filename="lib/glm/fwd.hpp" />
		<Unit filename="lib/glm/geometric.hpp" />
		<Unit filename="lib/glm/glm.hpp" />
		<Unit filename="lib/glm/gtc/bitfield.hpp" />
		<Unit filename="lib/glm/gtc/color_space.hpp" />
		<Unit filename="lib/glm/gtc/constants.hpp" />
		<Unit filename="lib/glm/gtc/epsilon.hpp" />
		<Unit filename="lib/glm/gtc/integer.hpp" />
		<Unit filename="lib/glm/gtc/matrix_access.hpp" />
		<Unit filename="lib/glm/gtc/matrix_integer.hpp" />
		<Unit filename="lib/glm/gtc/matrix_inverse.hpp" />
		<Unit filename="lib/glm/gtc/matrix_transform.hpp" />
		<Unit filename="lib/glm/gtc/noise.hpp" />
		<Unit filename="lib/glm/gtc/packing.hpp" />
		<Unit filename="lib/glm/gtc/quaternion.hpp" />
		<Unit filename="lib/glm/gtc/random.hpp" />
		<Unit filename="lib/glm/gtc/reciprocal.hpp" />
		<Unit filename="lib/glm/gtc/round.hpp" />
		<Unit filename="lib/glm/gtc/type_aligned.hpp" />
		<Unit filename="lib/glm/gtc/type_precision.hpp" />
		<Unit filename="lib/glm/gtc/type_ptr.hpp" />
		<Unit filename="lib/glm/gtc/ulp.hpp" />
		<Unit filename="lib/glm/gtc/vec1.hpp" />
		<Unit filename="lib/glm/gtx/associated_min_max.hpp" />
		<Unit filename="lib/glm/gtx/bit.hpp" />
		<Unit filename="lib/glm/gtx/closest_point.hpp" />
		<Unit filename="lib/glm/gtx/color_encoding.hpp" />
		<Unit filename="lib/glm/gtx/color_space.hpp" />
		<Unit filename="lib/glm/gtx/color_space_YCoCg.hpp" />
		<Unit filename="lib/glm/gtx/common.hpp" />
		<Unit filename="lib/glm/gtx/compatibility.hpp" />
		<Unit filename="lib/glm/gtx/component_wise.hpp" />
		<Unit filename="lib/glm/gtx/dual_quaternion.hpp" />
		<Unit filename="lib/glm/gtx/easing.hpp" />
		<Unit filename="lib/glm/gtx/euler_angles.hpp" />
		<Unit filename="lib/glm/gtx/extend.hpp" />
		<Unit filename="lib/glm/gtx/extended_min_max.hpp" />
		<Unit filename="lib/glm/gtx/exterior_product.hpp" />
		<Unit filename="lib/glm/gtx/fast_exponential.hpp" />
		<Unit filename="lib/glm/gtx/fast_square_root.hpp" />
		<Unit filename="lib/glm/gtx/fast_trigonometry.hpp" />
		<Unit filename="lib/glm/gtx/functions.hpp" />
		<Unit filename="lib/glm/gtx/gradient_paint.hpp" />
		<Unit filename="lib/glm/gtx/handed_coordinate_space.hpp" />
		<Unit filename="lib/glm/gtx/hash.hpp" />
		<Unit filename="lib/glm/gtx/integer.hpp" />
		<Unit filename="lib/glm/gtx/intersect.hpp" />
		<Unit filename="lib/glm/gtx/io.hpp" />
		<Unit filename="lib/glm/gtx/log_base.hpp" />
		<Unit filename="lib/glm/gtx/matrix_cross_product.hpp" />
		<Unit filename="lib/glm/gtx/matrix_decompose.hpp" />
		<Unit filename="lib/glm/gtx/matrix_factorisation.hpp" />
		<Unit filename="lib/glm/gtx/matrix_interpolation.hpp" />
		<Unit filename="lib/glm/gtx/matrix_major_storage.hpp" />
		<Unit filename="lib/glm/gtx/matrix_operation.hpp" />
		<Unit filename="lib/glm/gtx/matrix_query.hpp" />
		<Unit filename="lib/glm/gtx/matrix_transform_2d.hpp" />
		<Unit filename="lib/glm/gtx/mixed_product.hpp" />
		<Unit filename="lib/glm/gtx/norm.hpp" />
		<Unit filename="lib/glm/gtx/normal.hpp" />
		<Unit filename="lib/glm/gtx/normalize_dot.hpp" />
		<Unit filename="lib/glm/gtx/number_precision.hpp" />
		<Unit filename="lib/glm/gtx/optimum_pow.hpp" />
		<Unit filename="lib/glm/gtx/orthonormalize.hpp" />
		<Unit filename="lib/glm/gtx/pca.hpp" />
		<Unit filename="lib/glm/gtx/perpendicular.hpp" />
		<Unit filename="lib/glm/gtx/polar_coordinates.hpp" />
		<Unit filename="lib/glm/gtx/projection.hpp" />
		<Unit filename="lib/glm/gtx/quaternion.hpp" />
		<Unit filename="lib/glm/gtx/range.hpp" />
		<Unit filename="lib/glm/gtx/raw_data.hpp" />
		<Unit filename="lib/glm/gtx/rotate_normalized_axis.hpp" />
		<Unit filename="lib/glm/gtx/rotate_vector.hpp" />
		<Unit filename="lib/glm/gtx/scalar_multiplication.hpp" />
		<Unit filename="lib/glm/gtx/scalar_relational.hpp" />
		<Unit filename="lib/glm/gtx/spline.hpp" />
		<Unit filename="lib/glm/gtx/std_based_type.hpp" />
		<Unit filename="lib/glm/gtx/string_cast.hpp" />
		<Unit filename="lib/glm/gtx/texture.hpp" />
		<Unit filename="lib/glm/gtx/transform.hpp" />
		<Unit filename="lib/glm/gtx/transform2.hpp" />
		<Unit filename="lib/glm/gtx/type_aligned.hpp" />
		<Unit filename="lib/glm/gtx/type_trait.hpp" />
		<Unit filename="lib/glm/gtx/vec_swizzle.hpp" />
		<Unit filename="lib/glm/gtx/vector_angle.hpp" />
		<Unit filename="lib/glm/gtx/vector_query.hpp" />
		<Unit filename="lib/glm/gtx/wrap.hpp" />
		<Unit filename="lib/glm/integer.hpp" />
		<Unit filename="lib/glm/mat2x2.hpp" />
		<Unit filename="lib/glm/mat2x3.hpp" />
		<Unit filename="lib/glm/mat2x4.hpp" />
		<Unit filename="lib/glm/mat3x2.hpp" />
		<Unit filename="lib/glm/mat3x3.hpp" />
		<Unit filename="lib/glm/mat3x4.hpp" />
		<Unit filename="lib/glm/mat4x2.hpp" />
		<Unit filename="lib/glm/mat4x3.hpp" />
		<Unit filename="lib/glm/mat4x4.hpp" />
		<Unit filename="lib/glm/matrix.hpp" />
		<Unit filename="lib/glm/packing.hpp" />
		<Unit filename="lib/glm/simd/common.h" />
		<Unit filename="lib/glm/simd/exponential.h" />
		<Unit filename="lib/glm/simd/geometric.h" />
		<Unit filename="lib/glm/simd/integer.h" />
		<Unit filename="lib/glm/simd/matrix.h" />
		<Unit filename="lib/glm/simd/neon.h" />
		<Unit filename="lib/glm/simd/packing.h" />
		<Unit filename="lib/glm/simd/platform.h" />
		<Unit filename="lib/glm/simd/trigonometric.h" />
		<Unit filename="lib/glm/simd/vector_relational.h" />
		<Unit filename="lib/glm/trigonometric.hpp" />
		<Unit filename="lib/glm/vec2.hpp" />
		<Unit filename="lib/glm/vec3.hpp" />
		<Unit filename="lib/glm/vec4.hpp" />
		<Unit filename="lib/glm/vector_relational.hpp" />
		<Unit filename="lib/std_image/stb_image.h" />
		<Unit filename="project/include/camera.hpp" />
		<Unit filename="project/include/ebo.hpp" />
		<Unit filename="project/include/framebuffer.hpp" />
		<Unit filename="project/include/image.hpp" />
		<Unit filename="project/include/init.hpp" />
		<Unit filename="project/include/mesh.hpp" />
		<Unit filename="project/include/model.hpp" />
		<Unit filename="project/include/object.hpp" />
		<Unit filename="project/include/rbo.hpp" />
		<Unit filename="project/include/shader.hpp" />
		<Unit filename="project/include/tests.hpp" />
		<Unit filename="project/include/texture.hpp" />
		<Unit filename="project/include/ubo.hpp" />
		<Unit filename="project/include/vao.hpp" />
		<Unit filename="project/include/vbo.hpp" />
		<Unit filename="project/src/camera.cpp" />
		<Unit filename="project/src/ebo.cpp" />
		<Unit filename="project/src/framebuffer.cpp" />
		<Unit filename="project/src/image.cpp" />
		<Unit filename="project/src/init.cpp" />
		<Unit filename="project/src/main.cpp" />
		<Unit filename="project/src/mesh.cpp" />
		<Unit filename="project/src/model.cpp" />
		<Unit filename="project/src/object.cpp" />
		<Unit filename="project/src/rbo.cpp" />
		<Unit filename="project/src/shader.cpp" />
		<Unit filename="project/src/texture.cpp" />
		<Unit filename="project/src/ubo.cpp" />
		<Unit filename="project/src/vao.cpp" />
		<Unit filename="project/src/vbo.cpp" />
		<Unit filename="project/tests/default.cpp" />
		<Unit filename="project/tests/ex_1.cpp" />
		<Unit filename="project/tests/ex_10.cpp" />
		<Unit filename="project/tests/ex_11.cpp" />
		<Unit filename="project/tests/ex_12.cpp" />
		<Unit filename="project/tests/ex_13.cpp" />
		<Unit filename="project/tests/ex_14.cpp" />
		<Unit filename="project/tests/ex_15.cpp" />
		<Unit filename="project/tests/ex_16.cpp" />
		<Unit filename="project/tests/ex_17.cpp" />
		<Unit filename="project/tests/ex_18.cpp" />
		<Unit filename="project/tests/ex_19.cpp" />
		<Unit filename="project/tests/ex_2.cpp" />
		<Unit filename="project/tests/ex_20.cpp" />
		<Unit filename="project/tests/ex_21.cpp" />
		<Unit filename="project/tests/ex_3.cpp" />
		<Unit filename="project/tests/ex_4.cpp" />
		<Unit filename="project/tests/ex_5.cpp" />
		<Unit filename="project/tests/ex_6.cpp" />
		<Unit filename="project/tests/ex_7.cpp" />
		<Unit filename="project/tests/ex_8.cpp" />
		<Unit filename="project/tests/ex_9.cpp" />
		<Unit filename="project/tests/load_assimp_test.cpp" />
		<Extensions />
	</Project>
</CodeBlocks_project_file>
